
Microsoft Visual Studio Solution File, Format Version 12.00
# Visual Studio Version 17
VisualStudioVersion = 17.0.32014.148
MinimumVisualStudioVersion = 10.0.40219.1
Project("{FAE04EC0-301F-11D3-BF4B-00C04F79EFBC}") = "CSharp", "CSharp\CSharp.csproj", "{DB0B280D-B5B6-4E31-BE37-1DBC54BAE772}"
EndProject
Global
	GlobalSection(SolutionConfigurationPlatforms) = preSolution
		Debug|Any CPU = Debug|Any CPU
		Release|Any CPU = Release|Any CPU
	EndGlobalSection
	GlobalSection(ProjectConfigurationPlatforms) = postSolution
		{DB0B280D-B5B6-4E31-BE37-1DBC54BAE772}.Debug|Any CPU.ActiveCfg = Debug|Any CPU
		{DB0B280D-B5B6-4E31-BE37-1DBC54BAE772}.Debug|Any CPU.Build.0 = Debug|Any CPU
		{DB0B280D-B5B6-4E31-BE37-1DBC54BAE772}.Release|Any CPU.ActiveCfg = Release|Any CPU
		{DB0B280D-B5B6-4E31-BE37-1DBC54BAE772}.Release|Any CPU.Build.0 = Release|Any CPU
	EndGlobalSection
	GlobalSection(SolutionProperties) = preSolution
		HideSolutionNode = FALSE
	EndGlobalSection
	GlobalSection(ExtensibilityGlobals) = postSolution
		SolutionGuid = {A0199596-DB43-4CB4-A4AD-FED2BDCD1BF8}
	EndGlobalSection
EndGlobal
